
Microsoft Visual Studio Solution File, Format Version 12.00
# Visual Studio Version 16
VisualStudioVersion = 16.0.30413.136
MinimumVisualStudioVersion = 10.0.40219.1
Project("{9A19103F-16F7-4668-BE54-9A1E7A4F7556}") = "FallGuyStats", "FallGuyStats\FallGuyStats.csproj", "{D6708BF0-95CA-477C-B5D1-2DBF678851A4}"
EndProject
Project("{9A19103F-16F7-4668-BE54-9A1E7A4F7556}") = "FallGuysStats.Desktop", "FallGuysStats.Desktop\FallGuysStats.Desktop.csproj", "{0BDF56D3-D978-4423-8903-CDBD7B5CBB1B}"
EndProject
Project("{9A19103F-16F7-4668-BE54-9A1E7A4F7556}") = "FallGuyStats.Objects", "FallGuyStats.Models\FallGuyStats.Objects.csproj", "{96968128-B966-4726-9182-46A07B74E221}"
EndProject
Project("{9A19103F-16F7-4668-BE54-9A1E7A4F7556}") = "FallGuyStats.Tools", "FallGuyStats.Tools\FallGuyStats.Tools.csproj", "{E8FBABB0-5C69-4CED-BD15-C6E1D3E478FE}"
EndProject
Global
	GlobalSection(SolutionConfigurationPlatforms) = preSolution
		Debug|Any CPU = Debug|Any CPU
		Release|Any CPU = Release|Any CPU
	EndGlobalSection
	GlobalSection(ProjectConfigurationPlatforms) = postSolution
		{D6708BF0-95CA-477C-B5D1-2DBF678851A4}.Debug|Any CPU.ActiveCfg = Debug|Any CPU
		{D6708BF0-95CA-477C-B5D1-2DBF678851A4}.Debug|Any CPU.Build.0 = Debug|Any CPU
		{D6708BF0-95CA-477C-B5D1-2DBF678851A4}.Release|Any CPU.ActiveCfg = Release|Any CPU
		{D6708BF0-95CA-477C-B5D1-2DBF678851A4}.Release|Any CPU.Build.0 = Release|Any CPU
		{0BDF56D3-D978-4423-8903-CDBD7B5CBB1B}.Debug|Any CPU.ActiveCfg = Debug|Any CPU
		{0BDF56D3-D978-4423-8903-CDBD7B5CBB1B}.Debug|Any CPU.Build.0 = Debug|Any CPU
		{0BDF56D3-D978-4423-8903-CDBD7B5CBB1B}.Release|Any CPU.ActiveCfg = Release|Any CPU
		{0BDF56D3-D978-4423-8903-CDBD7B5CBB1B}.Release|Any CPU.Build.0 = Release|Any CPU
		{96968128-B966-4726-9182-46A07B74E221}.Debug|Any CPU.ActiveCfg = Debug|Any CPU
		{96968128-B966-4726-9182-46A07B74E221}.Debug|Any CPU.Build.0 = Debug|Any CPU
		{96968128-B966-4726-9182-46A07B74E221}.Release|Any CPU.ActiveCfg = Release|Any CPU
		{96968128-B966-4726-9182-46A07B74E221}.Release|Any CPU.Build.0 = Release|Any CPU
		{E8FBABB0-5C69-4CED-BD15-C6E1D3E478FE}.Debug|Any CPU.ActiveCfg = Debug|Any CPU
		{E8FBABB0-5C69-4CED-BD15-C6E1D3E478FE}.Debug|Any CPU.Build.0 = Debug|Any CPU
		{E8FBABB0-5C69-4CED-BD15-C6E1D3E478FE}.Release|Any CPU.ActiveCfg = Release|Any CPU
		{E8FBABB0-5C69-4CED-BD15-C6E1D3E478FE}.Release|Any CPU.Build.0 = Release|Any CPU
	EndGlobalSection
	GlobalSection(SolutionProperties) = preSolution
		HideSolutionNode = FALSE
	EndGlobalSection
	GlobalSection(ExtensibilityGlobals) = postSolution
		SolutionGuid = {B93CA646-E046-42A5-BF2B-2879AA2BAF54}
	EndGlobalSection
EndGlobal
